
Microsoft Visual Studio Solution File, Format Version 12.00
# Visual Studio Version 17
VisualStudioVersion = 17.0.31903.59
MinimumVisualStudioVersion = 10.0.40219.1
Project("{2150E333-8FDC-42A3-9474-1A3956D46DE8}") = "src", "src", "{827E0CD3-B72D-47B6-A68D-7590B98EB39B}"
EndProject
Project("{FAE04EC0-301F-11D3-BF4B-00C04F79EFBC}") = "Paddock.Domain", "src\Paddock.Domain\Paddock.Domain.csproj", "{D327E02D-9C85-4E55-9C15-DF953ED6DD40}"
EndProject
Project("{FAE04EC0-301F-11D3-BF4B-00C04F79EFBC}") = "Paddock.Simulation", "src\Paddock.Simulation\Paddock.Simulation.csproj", "{6AB6948F-0D7E-4726-BA65-57BF15F63144}"
EndProject
Project("{FAE04EC0-301F-11D3-BF4B-00C04F79EFBC}") = "Paddock.Application", "src\Paddock.Application\Paddock.Application.csproj", "{8D663EBE-88BC-42C5-A42F-FB8AD12A0E06}"
EndProject
Project("{FAE04EC0-301F-11D3-BF4B-00C04F79EFBC}") = "Paddock.Persistence", "src\Paddock.Persistence\Paddock.Persistence.csproj", "{4879536A-A010-490C-B1C3-0CC0FC38D3D6}"
EndProject
Project("{FAE04EC0-301F-11D3-BF4B-00C04F79EFBC}") = "Paddock.Data", "src\Paddock.Data\Paddock.Data.csproj", "{26ED6AD7-01B2-48C2-B2D8-BB52110BFA2B}"
EndProject
Project("{FAE04EC0-301F-11D3-BF4B-00C04F79EFBC}") = "Paddock.Desktop", "src\Paddock.Desktop\Paddock.Desktop.csproj", "{5490637C-0D61-494F-87FC-39E061D9CA5B}"
EndProject
Project("{2150E333-8FDC-42A3-9474-1A3956D46DE8}") = "tools", "tools", "{07C2787E-EAC7-C090-1BA3-A61EC2A24D84}"
EndProject
Project("{FAE04EC0-301F-11D3-BF4B-00C04F79EFBC}") = "Paddock.SimRunner", "tools\Paddock.SimRunner\Paddock.SimRunner.csproj", "{AC8ED551-17DA-4AC2-BA2C-8B5D93B88229}"
EndProject
Project("{FAE04EC0-301F-11D3-BF4B-00C04F79EFBC}") = "Paddock.DataPipeline", "tools\Paddock.DataPipeline\Paddock.DataPipeline.csproj", "{F0983B68-9B88-48FF-B6DB-4FD05F2BB0FD}"
EndProject
Project("{2150E333-8FDC-42A3-9474-1A3956D46DE8}") = "tests", "tests", "{0AB3BF05-4346-4AA6-1389-037BE0695223}"
EndProject
Project("{FAE04EC0-301F-11D3-BF4B-00C04F79EFBC}") = "Paddock.Tests", "tests\Paddock.Tests\Paddock.Tests.csproj", "{C15AD559-09B6-4858-B1F7-E07B4C671C37}"
EndProject
Global
	GlobalSection(SolutionConfigurationPlatforms) = preSolution
		Debug|Any CPU = Debug|Any CPU
		Debug|x64 = Debug|x64
		Debug|x86 = Debug|x86
		Release|Any CPU = Release|Any CPU
		Release|x64 = Release|x64
		Release|x86 = Release|x86
	EndGlobalSection
	GlobalSection(ProjectConfigurationPlatforms) = postSolution
		{D327E02D-9C85-4E55-9C15-DF953ED6DD40}.Debug|Any CPU.ActiveCfg = Debug|Any CPU
		{D327E02D-9C85-4E55-9C15-DF953ED6DD40}.Debug|Any CPU.Build.0 = Debug|Any CPU
		{D327E02D-9C85-4E55-9C15-DF953ED6DD40}.Debug|x64.ActiveCfg = Debug|Any CPU
		{D327E02D-9C85-4E55-9C15-DF953ED6DD40}.Debug|x64.Build.0 = Debug|Any CPU
		{D327E02D-9C85-4E55-9C15-DF953ED6DD40}.Debug|x86.ActiveCfg = Debug|Any CPU
		{D327E02D-9C85-4E55-9C15-DF953ED6DD40}.Debug|x86.Build.0 = Debug|Any CPU
		{D327E02D-9C85-4E55-9C15-DF953ED6DD40}.Release|Any CPU.ActiveCfg = Release|Any CPU
		{D327E02D-9C85-4E55-9C15-DF953ED6DD40}.Release|Any CPU.Build.0 = Release|Any CPU
		{D327E02D-9C85-4E55-9C15-DF953ED6DD40}.Release|x64.ActiveCfg = Release|Any CPU
		{D327E02D-9C85-4E55-9C15-DF953ED6DD40}.Release|x64.Build.0 = Release|Any CPU
		{D327E02D-9C85-4E55-9C15-DF953ED6DD40}.Release|x86.ActiveCfg = Release|Any CPU
		{D327E02D-9C85-4E55-9C15-DF953ED6DD40}.Release|x86.Build.0 = Release|Any CPU
		{6AB6948F-0D7E-4726-BA65-57BF15F63144}.Debug|Any CPU.ActiveCfg = Debug|Any CPU
		{6AB6948F-0D7E-4726-BA65-57BF15F63144}.Debug|Any CPU.Build.0 = Debug|Any CPU
		{6AB6948F-0D7E-4726-BA65-57BF15F63144}.Debug|x64.ActiveCfg = Debug|Any CPU
		{6AB6948F-0D7E-4726-BA65-57BF15F63144}.Debug|x64.Build.0 = Debug|Any CPU
		{6AB6948F-0D7E-4726-BA65-57BF15F63144}.Debug|x86.ActiveCfg = Debug|Any CPU
		{6AB6948F-0D7E-4726-BA65-57BF15F63144}.Debug|x86.Build.0 = Debug|Any CPU
		{6AB6948F-0D7E-4726-BA65-57BF15F63144}.Release|Any CPU.ActiveCfg = Release|Any CPU
		{6AB6948F-0D7E-4726-BA65-57BF15F63144}.Release|Any CPU.Build.0 = Release|Any CPU
		{6AB6948F-0D7E-4726-BA65-57BF15F63144}.Release|x64.ActiveCfg = Release|Any CPU
		{6AB6948F-0D7E-4726-BA65-57BF15F63144}.Release|x64.Build.0 = Release|Any CPU
		{6AB6948F-0D7E-4726-BA65-57BF15F63144}.Release|x86.ActiveCfg = Release|Any CPU
		{6AB6948F-0D7E-4726-BA65-57BF15F63144}.Release|x86.Build.0 = Release|Any CPU
		{8D663EBE-88BC-42C5-A42F-FB8AD12A0E06}.Debug|Any CPU.ActiveCfg = Debug|Any CPU
		{8D663EBE-88BC-42C5-A42F-FB8AD12A0E06}.Debug|Any CPU.Build.0 = Debug|Any CPU
		{8D663EBE-88BC-42C5-A42F-FB8AD12A0E06}.Debug|x64.ActiveCfg = Debug|Any CPU
		{8D663EBE-88BC-42C5-A42F-FB8AD12A0E06}.Debug|x64.Build.0 = Debug|Any CPU
		{8D663EBE-88BC-42C5-A42F-FB8AD12A0E06}.Debug|x86.ActiveCfg = Debug|Any CPU
		{8D663EBE-88BC-42C5-A42F-FB8AD12A0E06}.Debug|x86.Build.0 = Debug|Any CPU
		{8D663EBE-88BC-42C5-A42F-FB8AD12A0E06}.Release|Any CPU.ActiveCfg = Release|Any CPU
		{8D663EBE-88BC-42C5-A42F-FB8AD12A0E06}.Release|Any CPU.Build.0 = Release|Any CPU
		{8D663EBE-88BC-42C5-A42F-FB8AD12A0E06}.Release|x64.ActiveCfg = Release|Any CPU
		{8D663EBE-88BC-42C5-A42F-FB8AD12A0E06}.Release|x64.Build.0 = Release|Any CPU
		{8D663EBE-88BC-42C5-A42F-FB8AD12A0E06}.Release|x86.ActiveCfg = Release|Any CPU
		{8D663EBE-88BC-42C5-A42F-FB8AD12A0E06}.Release|x86.Build.0 = Release|Any CPU
		{4879536A-A010-490C-B1C3-0CC0FC38D3D6}.Debug|Any CPU.ActiveCfg = Debug|Any CPU
		{4879536A-A010-490C-B1C3-0CC0FC38D3D6}.Debug|Any CPU.Build.0 = Debug|Any CPU
		{4879536A-A010-490C-B1C3-0CC0FC38D3D6}.Debug|x64.ActiveCfg = Debug|Any CPU
		{4879536A-A010-490C-B1C3-0CC0FC38D3D6}.Debug|x64.Build.0 = Debug|Any CPU
		{4879536A-A010-490C-B1C3-0CC0FC38D3D6}.Debug|x86.ActiveCfg = Debug|Any CPU
		{4879536A-A010-490C-B1C3-0CC0FC38D3D6}.Debug|x86.Build.0 = Debug|Any CPU
		{4879536A-A010-490C-B1C3-0CC0FC38D3D6}.Release|Any CPU.ActiveCfg = Release|Any CPU
		{4879536A-A010-490C-B1C3-0CC0FC38D3D6}.Release|Any CPU.Build.0 = Release|Any CPU
		{4879536A-A010-490C-B1C3-0CC0FC38D3D6}.Release|x64.ActiveCfg = Release|Any CPU
		{4879536A-A010-490C-B1C3-0CC0FC38D3D6}.Release|x64.Build.0 = Release|Any CPU
		{4879536A-A010-490C-B1C3-0CC0FC38D3D6}.Release|x86.ActiveCfg = Release|Any CPU
		{4879536A-A010-490C-B1C3-0CC0FC38D3D6}.Release|x86.Build.0 = Release|Any CPU
		{26ED6AD7-01B2-48C2-B2D8-BB52110BFA2B}.Debug|Any CPU.ActiveCfg = Debug|Any CPU
		{26ED6AD7-01B2-48C2-B2D8-BB52110BFA2B}.Debug|Any CPU.Build.0 = Debug|Any CPU
		{26ED6AD7-01B2-48C2-B2D8-BB52110BFA2B}.Debug|x64.ActiveCfg = Debug|Any CPU
		{26ED6AD7-01B2-48C2-B2D8-BB52110BFA2B}.Debug|x64.Build.0 = Debug|Any CPU
		{26ED6AD7-01B2-48C2-B2D8-BB52110BFA2B}.Debug|x86.ActiveCfg = Debug|Any CPU
		{26ED6AD7-01B2-48C2-B2D8-BB52110BFA2B}.Debug|x86.Build.0 = Debug|Any CPU
		{26ED6AD7-01B2-48C2-B2D8-BB52110BFA2B}.Release|Any CPU.ActiveCfg = Release|Any CPU
		{26ED6AD7-01B2-48C2-B2D8-BB52110BFA2B}.Release|Any CPU.Build.0 = Release|Any CPU
		{26ED6AD7-01B2-48C2-B2D8-BB52110BFA2B}.Release|x64.ActiveCfg = Release|Any CPU
		{26ED6AD7-01B2-48C2-B2D8-BB52110BFA2B}.Release|x64.Build.0 = Release|Any CPU
		{26ED6AD7-01B2-48C2-B2D8-BB52110BFA2B}.Release|x86.ActiveCfg = Release|Any CPU
		{26ED6AD7-01B2-48C2-B2D8-BB52110BFA2B}.Release|x86.Build.0 = Release|Any CPU
		{5490637C-0D61-494F-87FC-39E061D9CA5B}.Debug|Any CPU.ActiveCfg = Debug|Any CPU
		{5490637C-0D61-494F-87FC-39E061D9CA5B}.Debug|Any CPU.Build.0 = Debug|Any CPU
		{5490637C-0D61-494F-87FC-39E061D9CA5B}.Debug|x64.ActiveCfg = Debug|Any CPU
		{5490637C-0D61-494F-87FC-39E061D9CA5B}.Debug|x64.Build.0 = Debug|Any CPU
		{5490637C-0D61-494F-87FC-39E061D9CA5B}.Debug|x86.ActiveCfg = Debug|Any CPU
		{5490637C-0D61-494F-87FC-39E061D9CA5B}.Debug|x86.Build.0 = Debug|Any CPU
		{5490637C-0D61-494F-87FC-39E061D9CA5B}.Release|Any CPU.ActiveCfg = Release|Any CPU
		{5490637C-0D61-494F-87FC-39E061D9CA5B}.Release|Any CPU.Build.0 = Release|Any CPU
		{5490637C-0D61-494F-87FC-39E061D9CA5B}.Release|x64.ActiveCfg = Release|Any CPU
		{5490637C-0D61-494F-87FC-39E061D9CA5B}.Release|x64.Build.0 = Release|Any CPU
		{5490637C-0D61-494F-87FC-39E061D9CA5B}.Release|x86.ActiveCfg = Release|Any CPU
		{5490637C-0D61-494F-87FC-39E061D9CA5B}.Release|x86.Build.0 = Release|Any CPU
		{AC8ED551-17DA-4AC2-BA2C-8B5D93B88229}.Debug|Any CPU.ActiveCfg = Debug|Any CPU
		{AC8ED551-17DA-4AC2-BA2C-8B5D93B88229}.Debug|Any CPU.Build.0 = Debug|Any CPU
		{AC8ED551-17DA-4AC2-BA2C-8B5D93B88229}.Debug|x64.ActiveCfg = Debug|Any CPU
		{AC8ED551-17DA-4AC2-BA2C-8B5D93B88229}.Debug|x64.Build.0 = Debug|Any CPU
		{AC8ED551-17DA-4AC2-BA2C-8B5D93B88229}.Debug|x86.ActiveCfg = Debug|Any CPU
		{AC8ED551-17DA-4AC2-BA2C-8B5D93B88229}.Debug|x86.Build.0 = Debug|Any CPU
		{AC8ED551-17DA-4AC2-BA2C-8B5D93B88229}.Release|Any CPU.ActiveCfg = Release|Any CPU
		{AC8ED551-17DA-4AC2-BA2C-8B5D93B88229}.Release|Any CPU.Build.0 = Release|Any CPU
		{AC8ED551-17DA-4AC2-BA2C-8B5D93B88229}.Release|x64.ActiveCfg = Release|Any CPU
		{AC8ED551-17DA-4AC2-BA2C-8B5D93B88229}.Release|x64.Build.0 = Release|Any CPU
		{AC8ED551-17DA-4AC2-BA2C-8B5D93B88229}.Release|x86.ActiveCfg = Release|Any CPU
		{AC8ED551-17DA-4AC2-BA2C-8B5D93B88229}.Release|x86.Build.0 = Release|Any CPU
		{F0983B68-9B88-48FF-B6DB-4FD05F2BB0FD}.Debug|Any CPU.ActiveCfg = Debug|Any CPU
		{F0983B68-9B88-48FF-B6DB-4FD05F2BB0FD}.Debug|Any CPU.Build.0 = Debug|Any CPU
		{F0983B68-9B88-48FF-B6DB-4FD05F2BB0FD}.Debug|x64.ActiveCfg = Debug|Any CPU
		{F0983B68-9B88-48FF-B6DB-4FD05F2BB0FD}.Debug|x64.Build.0 = Debug|Any CPU
		{F0983B68-9B88-48FF-B6DB-4FD05F2BB0FD}.Debug|x86.ActiveCfg = Debug|Any CPU
		{F0983B68-9B88-48FF-B6DB-4FD05F2BB0FD}.Debug|x86.Build.0 = Debug|Any CPU
		{F0983B68-9B88-48FF-B6DB-4FD05F2BB0FD}.Release|Any CPU.ActiveCfg = Release|Any CPU
		{F0983B68-9B88-48FF-B6DB-4FD05F2BB0FD}.Release|Any CPU.Build.0 = Release|Any CPU
		{F0983B68-9B88-48FF-B6DB-4FD05F2BB0FD}.Release|x64.ActiveCfg = Release|Any CPU
		{F0983B68-9B88-48FF-B6DB-4FD05F2BB0FD}.Release|x64.Build.0 = Release|Any CPU
		{F0983B68-9B88-48FF-B6DB-4FD05F2BB0FD}.Release|x86.ActiveCfg = Release|Any CPU
		{F0983B68-9B88-48FF-B6DB-4FD05F2BB0FD}.Release|x86.Build.0 = Release|Any CPU
		{C15AD559-09B6-4858-B1F7-E07B4C671C37}.Debug|Any CPU.ActiveCfg = Debug|Any CPU
		{C15AD559-09B6-4858-B1F7-E07B4C671C37}.Debug|Any CPU.Build.0 = Debug|Any CPU
		{C15AD559-09B6-4858-B1F7-E07B4C671C37}.Debug|x64.ActiveCfg = Debug|Any CPU
		{C15AD559-09B6-4858-B1F7-E07B4C671C37}.Debug|x64.Build.0 = Debug|Any CPU
		{C15AD559-09B6-4858-B1F7-E07B4C671C37}.Debug|x86.ActiveCfg = Debug|Any CPU
		{C15AD559-09B6-4858-B1F7-E07B4C671C37}.Debug|x86.Build.0 = Debug|Any CPU
		{C15AD559-09B6-4858-B1F7-E07B4C671C37}.Release|Any CPU.ActiveCfg = Release|Any CPU
		{C15AD559-09B6-4858-B1F7-E07B4C671C37}.Release|Any CPU.Build.0 = Release|Any CPU
		{C15AD559-09B6-4858-B1F7-E07B4C671C37}.Release|x64.ActiveCfg = Release|Any CPU
		{C15AD559-09B6-4858-B1F7-E07B4C671C37}.Release|x64.Build.0 = Release|Any CPU
		{C15AD559-09B6-4858-B1F7-E07B4C671C37}.Release|x86.ActiveCfg = Release|Any CPU
		{C15AD559-09B6-4858-B1F7-E07B4C671C37}.Release|x86.Build.0 = Release|Any CPU
	EndGlobalSection
	GlobalSection(SolutionProperties) = preSolution
		HideSolutionNode = FALSE
	EndGlobalSection
	GlobalSection(NestedProjects) = preSolution
		{D327E02D-9C85-4E55-9C15-DF953ED6DD40} = {827E0CD3-B72D-47B6-A68D-7590B98EB39B}
		{6AB6948F-0D7E-4726-BA65-57BF15F63144} = {827E0CD3-B72D-47B6-A68D-7590B98EB39B}
		{8D663EBE-88BC-42C5-A42F-FB8AD12A0E06} = {827E0CD3-B72D-47B6-A68D-7590B98EB39B}
		{4879536A-A010-490C-B1C3-0CC0FC38D3D6} = {827E0CD3-B72D-47B6-A68D-7590B98EB39B}
		{26ED6AD7-01B2-48C2-B2D8-BB52110BFA2B} = {827E0CD3-B72D-47B6-A68D-7590B98EB39B}
		{5490637C-0D61-494F-87FC-39E061D9CA5B} = {827E0CD3-B72D-47B6-A68D-7590B98EB39B}
		{AC8ED551-17DA-4AC2-BA2C-8B5D93B88229} = {07C2787E-EAC7-C090-1BA3-A61EC2A24D84}
		{F0983B68-9B88-48FF-B6DB-4FD05F2BB0FD} = {07C2787E-EAC7-C090-1BA3-A61EC2A24D84}
		{C15AD559-09B6-4858-B1F7-E07B4C671C37} = {0AB3BF05-4346-4AA6-1389-037BE0695223}
	EndGlobalSection
EndGlobal
